
Microsoft Visual Studio Solution File, Format Version 12.00
# Visual Studio 14
VisualStudioVersion = 14.0.25123.0
MinimumVisualStudioVersion = 10.0.40219.1
Project("{FAE04EC0-301F-11D3-BF4B-00C04F79EFBC}") = "GDMTool", "GDMTool\GDMTool.csproj", "{6A6C5CAA-5E98-492A-86E9-8B1CFD36CCE1}"
	ProjectSection(ProjectDependencies) = postProject
		{C469B1F9-2DA6-418F-9E49-378ACB1D8869} = {C469B1F9-2DA6-418F-9E49-378ACB1D8869}
	EndProjectSection
EndProject
Project("{FAE04EC0-301F-11D3-BF4B-00C04F79EFBC}") = "GDMCore", "GDMCore\GDMCore.csproj", "{AF4D5355-E689-480F-B266-5006C1ECAA54}"
EndProject
Project("{FAE04EC0-301F-11D3-BF4B-00C04F79EFBC}") = "GDMInterfaces", "GDMInterfaces\GDMInterfaces.csproj", "{EFCBC6B5-139A-4ABE-B900-9A3BA074BB09}"
EndProject
Project("{FAE04EC0-301F-11D3-BF4B-00C04F79EFBC}") = "GDMPlugins", "GDMPlugins\GDMPlugins.csproj", "{C469B1F9-2DA6-418F-9E49-378ACB1D8869}"
EndProject
Project("{FAE04EC0-301F-11D3-BF4B-00C04F79EFBC}") = "GDMService", "GDMService\GDMService.csproj", "{76FE59CF-66FA-402D-91FD-63CD8A24DDC4}"
	ProjectSection(ProjectDependencies) = postProject
		{EFCBC6B5-139A-4ABE-B900-9A3BA074BB09} = {EFCBC6B5-139A-4ABE-B900-9A3BA074BB09}
		{C469B1F9-2DA6-418F-9E49-378ACB1D8869} = {C469B1F9-2DA6-418F-9E49-378ACB1D8869}
	EndProjectSection
EndProject
Project("{54435603-DBB4-11D2-8724-00A0C9A8B90C}") = "ServiceInstaller", "ServiceInstaller\ServiceInstaller.vdproj", "{3B883814-FFDA-43BA-BC47-A95B58DFF4E9}"
EndProject
Project("{2150E333-8FDC-42A3-9474-1A3956D46DE8}") = "Licenses", "Licenses", "{1B6CB123-38BF-4AD1-ADC4-9B15F429C9F9}"
	ProjectSection(SolutionItems) = preProject
		Licens for Accord.txt = Licens for Accord.txt
		LicensSharpZipLib.txt = LicensSharpZipLib.txt
		Mathnet.txt = Mathnet.txt
		ZedGraph.txt = ZedGraph.txt
	EndProjectSection
EndProject
Global
	GlobalSection(SolutionConfigurationPlatforms) = preSolution
		Debug|Any CPU = Debug|Any CPU
		Debug|x86 = Debug|x86
		Release|Any CPU = Release|Any CPU
		Release|x86 = Release|x86
	EndGlobalSection
	GlobalSection(ProjectConfigurationPlatforms) = postSolution
		{6A6C5CAA-5E98-492A-86E9-8B1CFD36CCE1}.Debug|Any CPU.ActiveCfg = Debug|Any CPU
		{6A6C5CAA-5E98-492A-86E9-8B1CFD36CCE1}.Debug|Any CPU.Build.0 = Debug|Any CPU
		{6A6C5CAA-5E98-492A-86E9-8B1CFD36CCE1}.Debug|x86.ActiveCfg = Debug|x86
		{6A6C5CAA-5E98-492A-86E9-8B1CFD36CCE1}.Debug|x86.Build.0 = Debug|x86
		{6A6C5CAA-5E98-492A-86E9-8B1CFD36CCE1}.Release|Any CPU.ActiveCfg = Release|Any CPU
		{6A6C5CAA-5E98-492A-86E9-8B1CFD36CCE1}.Release|Any CPU.Build.0 = Release|Any CPU
		{6A6C5CAA-5E98-492A-86E9-8B1CFD36CCE1}.Release|x86.ActiveCfg = Release|x86
		{6A6C5CAA-5E98-492A-86E9-8B1CFD36CCE1}.Release|x86.Build.0 = Release|x86
		{AF4D5355-E689-480F-B266-5006C1ECAA54}.Debug|Any CPU.ActiveCfg = Debug|Any CPU
		{AF4D5355-E689-480F-B266-5006C1ECAA54}.Debug|Any CPU.Build.0 = Debug|Any CPU
		{AF4D5355-E689-480F-B266-5006C1ECAA54}.Debug|x86.ActiveCfg = Debug|x86
		{AF4D5355-E689-480F-B266-5006C1ECAA54}.Debug|x86.Build.0 = Debug|x86
		{AF4D5355-E689-480F-B266-5006C1ECAA54}.Release|Any CPU.ActiveCfg = Release|Any CPU
		{AF4D5355-E689-480F-B266-5006C1ECAA54}.Release|Any CPU.Build.0 = Release|Any CPU
		{AF4D5355-E689-480F-B266-5006C1ECAA54}.Release|x86.ActiveCfg = Release|x86
		{AF4D5355-E689-480F-B266-5006C1ECAA54}.Release|x86.Build.0 = Release|x86
		{EFCBC6B5-139A-4ABE-B900-9A3BA074BB09}.Debug|Any CPU.ActiveCfg = Debug|Any CPU
		{EFCBC6B5-139A-4ABE-B900-9A3BA074BB09}.Debug|Any CPU.Build.0 = Debug|Any CPU
		{EFCBC6B5-139A-4ABE-B900-9A3BA074BB09}.Debug|x86.ActiveCfg = Debug|x86
		{EFCBC6B5-139A-4ABE-B900-9A3BA074BB09}.Debug|x86.Build.0 = Debug|x86
		{EFCBC6B5-139A-4ABE-B900-9A3BA074BB09}.Release|Any CPU.ActiveCfg = Release|Any CPU
		{EFCBC6B5-139A-4ABE-B900-9A3BA074BB09}.Release|Any CPU.Build.0 = Release|Any CPU
		{EFCBC6B5-139A-4ABE-B900-9A3BA074BB09}.Release|x86.ActiveCfg = Release|x86
		{EFCBC6B5-139A-4ABE-B900-9A3BA074BB09}.Release|x86.Build.0 = Release|x86
		{C469B1F9-2DA6-418F-9E49-378ACB1D8869}.Debug|Any CPU.ActiveCfg = Debug|Any CPU
		{C469B1F9-2DA6-418F-9E49-378ACB1D8869}.Debug|Any CPU.Build.0 = Debug|Any CPU
		{C469B1F9-2DA6-418F-9E49-378ACB1D8869}.Debug|x86.ActiveCfg = Debug|x86
		{C469B1F9-2DA6-418F-9E49-378ACB1D8869}.Debug|x86.Build.0 = Debug|x86
		{C469B1F9-2DA6-418F-9E49-378ACB1D8869}.Release|Any CPU.ActiveCfg = Release|Any CPU
		{C469B1F9-2DA6-418F-9E49-378ACB1D8869}.Release|Any CPU.Build.0 = Release|Any CPU
		{C469B1F9-2DA6-418F-9E49-378ACB1D8869}.Release|x86.ActiveCfg = Release|x86
		{C469B1F9-2DA6-418F-9E49-378ACB1D8869}.Release|x86.Build.0 = Release|x86
		{76FE59CF-66FA-402D-91FD-63CD8A24DDC4}.Debug|Any CPU.ActiveCfg = Debug|Any CPU
		{76FE59CF-66FA-402D-91FD-63CD8A24DDC4}.Debug|Any CPU.Build.0 = Debug|Any CPU
		{76FE59CF-66FA-402D-91FD-63CD8A24DDC4}.Debug|x86.ActiveCfg = Debug|Any CPU
		{76FE59CF-66FA-402D-91FD-63CD8A24DDC4}.Debug|x86.Build.0 = Debug|Any CPU
		{76FE59CF-66FA-402D-91FD-63CD8A24DDC4}.Release|Any CPU.ActiveCfg = Release|Any CPU
		{76FE59CF-66FA-402D-91FD-63CD8A24DDC4}.Release|Any CPU.Build.0 = Release|Any CPU
		{76FE59CF-66FA-402D-91FD-63CD8A24DDC4}.Release|x86.ActiveCfg = Release|Any CPU
		{76FE59CF-66FA-402D-91FD-63CD8A24DDC4}.Release|x86.Build.0 = Release|Any CPU
		{3B883814-FFDA-43BA-BC47-A95B58DFF4E9}.Debug|Any CPU.ActiveCfg = Debug
		{3B883814-FFDA-43BA-BC47-A95B58DFF4E9}.Debug|x86.ActiveCfg = Debug
		{3B883814-FFDA-43BA-BC47-A95B58DFF4E9}.Debug|x86.Build.0 = Debug
		{3B883814-FFDA-43BA-BC47-A95B58DFF4E9}.Release|Any CPU.ActiveCfg = Release
		{3B883814-FFDA-43BA-BC47-A95B58DFF4E9}.Release|Any CPU.Build.0 = Release
		{3B883814-FFDA-43BA-BC47-A95B58DFF4E9}.Release|x86.ActiveCfg = Release
		{3B883814-FFDA-43BA-BC47-A95B58DFF4E9}.Release|x86.Build.0 = Release
	EndGlobalSection
	GlobalSection(SolutionProperties) = preSolution
		HideSolutionNode = FALSE
	EndGlobalSection
	GlobalSection(TeamFoundationVersionControl) = preSolution
		SccNumberOfProjects = 7
		SccEnterpriseProvider = {4CA58AB2-18FA-4F8D-95D4-32DDF27D184C}
		SccTeamFoundationServer = https://tfs.codeplex.com/tfs/tfs40
		SccLocalPath0 = .
		SccProjectUniqueName1 = GDMCore\\GDMCore.csproj
		SccProjectName1 = GDMCore
		SccLocalPath1 = GDMCore
		SccProjectUniqueName2 = GDMInterfaces\\GDMInterfaces.csproj
		SccProjectName2 = GDMInterfaces
		SccLocalPath2 = GDMInterfaces
		SccProjectUniqueName3 = GDMPlugins\\GDMPlugins.csproj
		SccProjectName3 = GDMPlugins
		SccLocalPath3 = GDMPlugins
		SccProjectUniqueName4 = GDMService\\GDMService.csproj
		SccProjectName4 = GDMService
		SccLocalPath4 = GDMService
		SccProjectUniqueName5 = GDMTool\\GDMTool.csproj
		SccProjectName5 = GDMTool
		SccLocalPath5 = GDMTool
		SccProjectUniqueName6 = ServiceInstaller\\ServiceInstaller.vdproj
		SccProjectName6 = ServiceInstaller
		SccLocalPath6 = ServiceInstaller
	EndGlobalSection
EndGlobal
